
Microsoft Visual Studio Solution File, Format Version 12.00
# Visual Studio Version 16
VisualStudioVersion = 16.0.32413.511
MinimumVisualStudioVersion = 10.0.40219.1
Project("{FAE04EC0-301F-11D3-BF4B-00C04F79EFBC}") = "lab19", "lab19\lab19.csproj", "{B134370C-A956-4AEF-B097-E9011D24887A}"
EndProject
Global
	GlobalSection(SolutionConfigurationPlatforms) = preSolution
		Debug|Any CPU = Debug|Any CPU
		Release|Any CPU = Release|Any CPU
	EndGlobalSection
	GlobalSection(ProjectConfigurationPlatforms) = postSolution
		{B134370C-A956-4AEF-B097-E9011D24887A}.Debug|Any CPU.ActiveCfg = Debug|Any CPU
		{B134370C-A956-4AEF-B097-E9011D24887A}.Debug|Any CPU.Build.0 = Debug|Any CPU
		{B134370C-A956-4AEF-B097-E9011D24887A}.Release|Any CPU.ActiveCfg = Release|Any CPU
		{B134370C-A956-4AEF-B097-E9011D24887A}.Release|Any CPU.Build.0 = Release|Any CPU
	EndGlobalSection
	GlobalSection(SolutionProperties) = preSolution
		HideSolutionNode = FALSE
	EndGlobalSection
	GlobalSection(ExtensibilityGlobals) = postSolution
		SolutionGuid = {06572425-FD12-4EDC-ACB5-34C3887004B3}
	EndGlobalSection
EndGlobal
