
Microsoft Visual Studio Solution File, Format Version 12.00
# Visual Studio Version 17
VisualStudioVersion = 17.8.34525.116
MinimumVisualStudioVersion = 10.0.40219.1
Project("{FAE04EC0-301F-11D3-BF4B-00C04F79EFBC}") = "Lab16", "Lab16\Lab16.csproj", "{9D402F0C-B897-4145-BAEE-E9F758837287}"
EndProject
Global
	GlobalSection(SolutionConfigurationPlatforms) = preSolution
		Debug|Any CPU = Debug|Any CPU
		Release|Any CPU = Release|Any CPU
	EndGlobalSection
	GlobalSection(ProjectConfigurationPlatforms) = postSolution
		{9D402F0C-B897-4145-BAEE-E9F758837287}.Debug|Any CPU.ActiveCfg = Debug|Any CPU
		{9D402F0C-B897-4145-BAEE-E9F758837287}.Debug|Any CPU.Build.0 = Debug|Any CPU
		{9D402F0C-B897-4145-BAEE-E9F758837287}.Release|Any CPU.ActiveCfg = Release|Any CPU
		{9D402F0C-B897-4145-BAEE-E9F758837287}.Release|Any CPU.Build.0 = Release|Any CPU
	EndGlobalSection
	GlobalSection(SolutionProperties) = preSolution
		HideSolutionNode = FALSE
	EndGlobalSection
	GlobalSection(ExtensibilityGlobals) = postSolution
		SolutionGuid = {5CFC9BC4-AB2D-45E1-8D41-8882D2E60138}
	EndGlobalSection
EndGlobal
